// !$*UTF8*$!
{
	archiveVersion = 1;
	classes = {
	};
	objectVersion = 46;
	objects = {

/* Begin PBXBuildFile section */
		8BD0E00C1A9E6BD600E65A50 /* main.m in Sources */ = {isa = PBXBuildFile; fileRef = 8BD0E00B1A9E6BD600E65A50 /* main.m */; };
		8BD0E00F1A9E6BD600E65A50 /* AppDelegate.m in Sources */ = {isa = PBXBuildFile; fileRef = 8BD0E00E1A9E6BD600E65A50 /* AppDelegate.m */; };
		8BD0E0121A9E6BD600E65A50 /* ViewController.m in Sources */ = {isa = PBXBuildFile; fileRef = 8BD0E0111A9E6BD600E65A50 /* ViewController.m */; };
		8BD0E0151A9E6BD600E65A50 /* Main.storyboard in Resources */ = {isa = PBXBuildFile; fileRef = 8BD0E0131A9E6BD600E65A50 /* Main.storyboard */; };
		8BD0E0171A9E6BD600E65A50 /* Images.xcassets in Resources */ = {isa = PBXBuildFile; fileRef = 8BD0E0161A9E6BD600E65A50 /* Images.xcassets */; };
		8BD0E01A1A9E6BD600E65A50 /* LaunchScreen.xib in Resources */ = {isa = PBXBuildFile; fileRef = 8BD0E0181A9E6BD600E65A50 /* LaunchScreen.xib */; };
		8BD0E0261A9E6BD700E65A50 /* ScrollViewTestTests.m in Sources */ = {isa = PBXBuildFile; fileRef = 8BD0E0251A9E6BD700E65A50 /* ScrollViewTestTests.m */; };
/* End PBXBuildFile section */

/* Begin PBXContainerItemProxy section */
		8BD0E0201A9E6BD700E65A50 /* PBXContainerItemProxy */ = {
			isa = PBXContainerItemProxy;
			containerPortal = 8BD0DFFE1A9E6BD600E65A50 /* Project object */;
			proxyType = 1;
			remoteGlobalIDString = 8BD0E0051A9E6BD600E65A50;
			remoteInfo = ScrollViewTest;
		};
/* End PBXContainerItemProxy section */

/* Begin PBXFileReference section */
		8BD0E0061A9E6BD600E65A50 /* ScrollViewTest.app */ = {isa = PBXFileReference; explicitFileType = wrapper.application; includeInIndex = 0; path = ScrollViewTest.app; sourceTree = BUILT_PRODUCTS_DIR; };
		8BD0E00A1A9E6BD600E65A50 /* Info.plist */ = {isa = PBXFileReference; lastKnownFileType = text.plist.xml; path = Info.plist; sourceTree = "<group>"; };
		8BD0E00B1A9E6BD600E65A50 /* main.m */ = {isa = PBXFileReference; lastKnownFileType = sourcecode.c.objc; path = main.m; sourceTree = "<group>"; };
		8BD0E00D1A9E6BD600E65A50 /* AppDelegate.h */ = {isa = PBXFileReference; lastKnownFileType = sourcecode.c.h; path = AppDelegate.h; sourceTree = "<group>"; };
		8BD0E00E1A9E6BD600E65A50 /* AppDelegate.m */ = {isa = PBXFileReference; lastKnownFileType = sourcecode.c.objc; path = AppDelegate.m; sourceTree = "<group>"; };
		8BD0E0101A9E6BD600E65A50 /* ViewController.h */ = {isa = PBXFileReference; lastKnownFileType = sourcecode.c.h; path = ViewController.h; sourceTree = "<group>"; };
		8BD0E0111A9E6BD600E65A50 /* ViewController.m */ = {isa = PBXFileReference; lastKnownFileType = sourcecode.c.objc; path = ViewController.m; sourceTree = "<group>"; };
		8BD0E0141A9E6BD600E65A50 /* Base */ = {isa = PBXFileReference; lastKnownFileType = file.storyboard; name = Base; path = Base.lproj/Main.storyboard; sourceTree = "<group>"; };
		8BD0E0161A9E6BD600E65A50 /* Images.xcassets */ = {isa = PBXFileReference; lastKnownFileType = folder.assetcatalog; path = Images.xcassets; sourceTree = "<group>"; };
		8BD0E0191A9E6BD600E65A50 /* Base */ = {isa = PBXFileReference; lastKnownFileType = file.xib; name = Base; path = Base.lproj/LaunchScreen.xib; sourceTree = "<group>"; };
		8BD0E01F1A9E6BD700E65A50 /* ScrollViewTestTests.xctest */ = {isa = PBXFileReference; explicitFileType = wrapper.cfbundle; includeInIndex = 0; path = ScrollViewTestTests.xctest; sourceTree = BUILT_PRODUCTS_DIR; };
		8BD0E0241A9E6BD700E65A50 /* Info.plist */ = {isa = PBXFileReference; lastKnownFileType = text.plist.xml; path = Info.plist; sourceTree = "<group>"; };
		8BD0E0251A9E6BD700E65A50 /* ScrollViewTestTests.m */ = {isa = PBXFileReference; lastKnownFileType = sourcecode.c.objc; path = ScrollViewTestTests.m; sourceTree = "<group>"; };
/* End PBXFileReference section */

/* Begin PBXFrameworksBuildPhase section */
		8BD0E0031A9E6BD600E65A50 /* Frameworks */ = {
			isa = PBXFrameworksBuildPhase;
			buildActionMask = 2147483647;
			files = (
			);
			runOnlyForDeploymentPostprocessing = 0;
		};
		8BD0E01C1A9E6BD700E65A50 /* Frameworks */ = {
			isa = PBXFrameworksBuildPhase;
			buildActionMask = 2147483647;
			files = (
			);
			runOnlyForDeploymentPostprocessing = 0;
		};
/* End PBXFrameworksBuildPhase section */

/* Begin PBXGroup section */
		8BD0DFFD1A9E6BD600E65A50 = {
			isa = PBXGroup;
			children = (
				8BD0E0081A9E6BD600E65A50 /* ScrollViewTest */,
				8BD0E0221A9E6BD700E65A50 /* ScrollViewTestTests */,
				8BD0E0071A9E6BD600E65A50 /* Products */,
			);
			sourceTree = "<group>";
		};
		8BD0E0071A9E6BD600E65A50 /* Products */ = {
			isa = PBXGroup;
			children = (
				8BD0E0061A9E6BD600E65A50 /* ScrollViewTest.app */,
				8BD0E01F1A9E6BD700E65A50 /* ScrollViewTestTests.xctest */,
			);
			name = Products;
			sourceTree = "<group>";
		};
		8BD0E0081A9E6BD600E65A50 /* ScrollViewTest */ = {
			isa = PBXGroup;
			children = (
				8BD0E00D1A9E6BD600E65A50 /* AppDelegate.h */,
				8BD0E00E1A9E6BD600E65A50 /* AppDelegate.m */,
				8BD0E0101A9E6BD600E65A50 /* ViewController.h */,
				8BD0E0111A9E6BD600E65A50 /* ViewController.m */,
				8BD0E0131A9E6BD600E65A50 /* Main.storyboard */,
				8BD0E0161A9E6BD600E65A50 /* Images.xcassets */,
				8BD0E0181A9E6BD600E65A50 /* LaunchScreen.xib */,
				8BD0E0091A9E6BD600E65A50 /* Supporting Files */,
			);
			path = ScrollViewTest;
			sourceTree = "<group>";
		};
		8BD0E0091A9E6BD600E65A50 /* Supporting Files */ = {
			isa = PBXGroup;
			children = (
				8BD0E00A1A9E6BD600E65A50 /* Info.plist */,
				8BD0E00B1A9E6BD600E65A50 /* main.m */,
			);
			name = "Supporting Files";
			sourceTree = "<group>";
		};
		8BD0E0221A9E6BD700E65A50 /* ScrollViewTestTests */ = {
			isa = PBXGroup;
			children = (
				8BD0E0251A9E6BD700E65A50 /* ScrollViewTestTests.m */,
				8BD0E0231A9E6BD700E65A50 /* Supporting Files */,
			);
			path = ScrollViewTestTests;
			sourceTree = "<group>";
		};
		8BD0E0231A9E6BD700E65A50 /* Supporting Files */ = {
			isa = PBXGroup;
			children = (
				8BD0E0241A9E6BD700E65A50 /* Info.plist */,
			);
			name = "Supporting Files";
			sourceTree = "<group>";
		};
/* End PBXGroup section */

/* Begin PBXNativeTarget section */
		8BD0E0051A9E6BD600E65A50 /* ScrollViewTest */ = {
			isa = PBXNativeTarget;
			buildConfigurationList = 8BD0E0291A9E6BD700E65A50 /* Build configuration list for PBXNativeTarget "ScrollViewTest" */;
			buildPhases = (
				8BD0E0021A9E6BD600E65A50 /* Sources */,
				8BD0E0031A9E6BD600E65A50 /* Frameworks */,
				8BD0E0041A9E6BD600E65A50 /* Resources */,
			);
			buildRules = (
			);
			dependencies = (
			);
			name = ScrollViewTest;
			productName = ScrollViewTest;
			productReference = 8BD0E0061A9E6BD600E65A50 /* ScrollViewTest.app */;
			productType = "com.apple.product-type.application";
		};
		8BD0E01E1A9E6BD700E65A50 /* ScrollViewTestTests */ = {
			isa = PBXNativeTarget;
			buildConfigurationList = 8BD0E02C1A9E6BD700E65A50 /* Build configuration list for PBXNativeTarget "ScrollViewTestTests" */;
			buildPhases = (
				8BD0E01B1A9E6BD700E65A50 /* Sources */,
				8BD0E01C1A9E6BD700E65A50 /* Frameworks */,
				8BD0E01D1A9E6BD700E65A50 /* Resources */,
			);
			buildRules = (
			);
			dependencies = (
				8BD0E0211A9E6BD700E65A50 /* PBXTargetDependency */,
			);
			name = ScrollViewTestTests;
			productName = ScrollViewTestTests;
			productReference = 8BD0E01F1A9E6BD700E65A50 /* ScrollViewTestTests.xctest */;
			productType = "com.apple.product-type.bundle.unit-test";
		};
/* End PBXNativeTarget section */

/* Begin PBXProject section */
		8BD0DFFE1A9E6BD600E65A50 /* Project object */ = {
			isa = PBXProject;
			attributes = {
				LastUpgradeCheck = 0610;
				ORGANIZATIONNAME = ChaiYunxiang;
				TargetAttributes = {
					8BD0E0051A9E6BD600E65A50 = {
						CreatedOnToolsVersion = 6.1.1;
					};
					8BD0E01E1A9E6BD700E65A50 = {
						CreatedOnToolsVersion = 6.1.1;
						TestTargetID = 8BD0E0051A9E6BD600E65A50;
					};
				};
			};
			buildConfigurationList = 8BD0E0011A9E6BD600E65A50 /* Build configuration list for PBXProject "ScrollViewTest" */;
			compatibilityVersion = "Xcode 3.2";
			developmentRegion = English;
			hasScannedForEncodings = 0;
			knownRegions = (
				en,
				Base,
			);
			mainGroup = 8BD0DFFD1A9E6BD600E65A50;
			productRefGroup = 8BD0E0071A9E6BD600E65A50 /* Products */;
			projectDirPath = "";
			projectRoot = "";
			targets = (
				8BD0E0051A9E6BD600E65A50 /* ScrollViewTest */,
				8BD0E01E1A9E6BD700E65A50 /* ScrollViewTestTests */,
			);
		};
/* End PBXProject section */

/* Begin PBXResourcesBuildPhase section */
		8BD0E0041A9E6BD600E65A50 /* Resources */ = {
			isa = PBXResourcesBuildPhase;
			buildActionMask = 2147483647;
			files = (
				8BD0E0151A9E6BD600E65A50 /* Main.storyboard in Resources */,
				8BD0E01A1A9E6BD600E65A50 /* LaunchScreen.xib in Resources */,
				8BD0E0171A9E6BD600E65A50 /* Images.xcassets in Resources */,
			);
			runOnlyForDeploymentPostprocessing = 0;
		};
		8BD0E01D1A9E6BD700E65A50 /* Resources */ = {
			isa = PBXResourcesBuildPhase;
			buildActionMask = 2147483647;
			files = (
			);
			runOnlyForDeploymentPostprocessing = 0;
		};
/* End PBXResourcesBuildPhase section */

/* Begin PBXSourcesBuildPhase section */
		8BD0E0021A9E6BD600E65A50 /* Sources */ = {
			isa = PBXSourcesBuildPhase;
			buildActionMask = 2147483647;
			files = (
				8BD0E0121A9E6BD600E65A50 /* ViewController.m in Sources */,
				8BD0E00F1A9E6BD600E65A50 /* AppDelegate.m in Sources */,
				8BD0E00C1A9E6BD600E65A50 /* main.m in Sources */,
			);
			runOnlyForDeploymentPostprocessing = 0;
		};
		8BD0E01B1A9E6BD700E65A50 /* Sources */ = {
			isa = PBXSourcesBuildPhase;
			buildActionMask = 2147483647;
			files = (
				8BD0E0261A9E6BD700E65A50 /* ScrollViewTestTests.m in Sources */,
			);
			runOnlyForDeploymentPostprocessing = 0;
		};
/* End PBXSourcesBuildPhase section */

/* Begin PBXTargetDependency section */
		8BD0E0211A9E6BD700E65A50 /* PBXTargetDependency */ = {
			isa = PBXTargetDependency;
			target = 8BD0E0051A9E6BD600E65A50 /* ScrollViewTest */;
			targetProxy = 8BD0E0201A9E6BD700E65A50 /* PBXContainerItemProxy */;
		};
/* End PBXTargetDependency section */

/* Begin PBXVariantGroup section */
		8BD0E0131A9E6BD600E65A50 /* Main.storyboard */ = {
			isa = PBXVariantGroup;
			children = (
				8BD0E0141A9E6BD600E65A50 /* Base */,
			);
			name = Main.storyboard;
			sourceTree = "<group>";
		};
		8BD0E0181A9E6BD600E65A50 /* LaunchScreen.xib */ = {
			isa = PBXVariantGroup;
			children = (
				8BD0E0191A9E6BD600E65A50 /* Base */,
			);
			name = LaunchScreen.xib;
			sourceTree = "<group>";
		};
/* End PBXVariantGroup section */

/* Begin XCBuildConfiguration section */
		8BD0E0271A9E6BD700E65A50 /* Debug */ = {
			isa = XCBuildConfiguration;
			buildSettings = {
				ALWAYS_SEARCH_USER_PATHS = NO;
				CLANG_CXX_LANGUAGE_STANDARD = "gnu++0x";
				CLANG_CXX_LIBRARY = "libc++";
				CLANG_ENABLE_MODULES = YES;
				CLANG_ENABLE_OBJC_ARC = YES;
				CLANG_WARN_BOOL_CONVERSION = YES;
				CLANG_WARN_CONSTANT_CONVERSION = YES;
				CLANG_WARN_DIRECT_OBJC_ISA_USAGE = YES_ERROR;
				CLANG_WARN_EMPTY_BODY = YES;
				CLANG_WARN_ENUM_CONVERSION = YES;
				CLANG_WARN_INT_CONVERSION = YES;
				CLANG_WARN_OBJC_ROOT_CLASS = YES_ERROR;
				CLANG_WARN_UNREACHABLE_CODE = YES;
				CLANG_WARN__DUPLICATE_METHOD_MATCH = YES;
				"CODE_SIGN_IDENTITY[sdk=iphoneos*]" = "iPhone Developer";
				COPY_PHASE_STRIP = NO;
				ENABLE_STRICT_OBJC_MSGSEND = YES;
				GCC_C_LANGUAGE_STANDARD = gnu99;
				GCC_DYNAMIC_NO_PIC = NO;
				GCC_OPTIMIZATION_LEVEL = 0;
				GCC_PREPROCESSOR_DEFINITIONS = (
					"DEBUG=1",
					"$(inherited)",
				);
				GCC_SYMBOLS_PRIVATE_EXTERN = NO;
				GCC_WARN_64_TO_32_BIT_CONVERSION = YES;
				GCC_WARN_ABOUT_RETURN_TYPE = YES_ERROR;
				GCC_WARN_UNDECLARED_SELECTOR = YES;
				GCC_WARN_UNINITIALIZED_AUTOS = YES_AGGRESSIVE;
				GCC_WARN_UNUSED_FUNCTION = YES;
				GCC_WARN_UNUSED_VARIABLE = YES;
				IPHONEOS_DEPLOYMENT_TARGET = 8.1;
				MTL_ENABLE_DEBUG_INFO = YES;
				ONLY_ACTIVE_ARCH = YES;
				SDKROOT = iphoneos;
			};
			name = Debug;
		};
		8BD0E0281A9E6BD700E65A50 /* Release */ = {
			isa = XCBuildConfiguration;
			buildSettings = {
				ALWAYS_SEARCH_USER_PATHS = NO;
				CLANG_CXX_LANGUAGE_STANDARD = "gnu++0x";
				CLANG_CXX_LIBRARY = "libc++";
				CLANG_ENABLE_MODULES = YES;
				CLANG_ENABLE_OBJC_ARC = YES;
				CLANG_WARN_BOOL_CONVERSION = YES;
				CLANG_WARN_CONSTANT_CONVERSION = YES;
				CLANG_WARN_DIRECT_OBJC_ISA_USAGE = YES_ERROR;
				CLANG_WARN_EMPTY_BODY = YES;
				CLANG_WARN_ENUM_CONVERSION = YES;
				CLANG_WARN_INT_CONVERSION = YES;
				CLANG_WARN_OBJC_ROOT_CLASS = YES_ERROR;
				CLANG_WARN_UNREACHABLE_CODE = YES;
				CLANG_WARN__DUPLICATE_METHOD_MATCH = YES;
				"CODE_SIGN_IDENTITY[sdk=iphoneos*]" = "iPhone Developer";
				COPY_PHASE_STRIP = YES;
				ENABLE_NS_ASSERTIONS = NO;
				ENABLE_STRICT_OBJC_MSGSEND = YES;
				GCC_C_LANGUAGE_STANDARD = gnu99;
				GCC_WARN_64_TO_32_BIT_CONVERSION = YES;
				GCC_WARN_ABOUT_RETURN_TYPE = YES_ERROR;
				GCC_WARN_UNDECLARED_SELECTOR = YES;
				GCC_WARN_UNINITIALIZED_AUTOS = YES_AGGRESSIVE;
				GCC_WARN_UNUSED_FUNCTION = YES;
				GCC_WARN_UNUSED_VARIABLE = YES;
				IPHONEOS_DEPLOYMENT_TARGET = 8.1;
				MTL_ENABLE_DEBUG_INFO = NO;
				SDKROOT = iphoneos;
				VALIDATE_PRODUCT = YES;
			};
			name = Release;
		};
		8BD0E02A1A9E6BD700E65A50 /* Debug */ = {
			isa = XCBuildConfiguration;
			buildSettings = {
				ASSETCATALOG_COMPILER_APPICON_NAME = AppIcon;
				INFOPLIST_FILE = ScrollViewTest/Info.plist;
				LD_RUNPATH_SEARCH_PATHS = "$(inherited) @executable_path/Frameworks";
				PRODUCT_NAME = "$(TARGET_NAME)";
			};
			name = Debug;
		};
		8BD0E02B1A9E6BD700E65A50 /* Release */ = {
			isa = XCBuildConfiguration;
			buildSettings = {
				ASSETCATALOG_COMPILER_APPICON_NAME = AppIcon;
				INFOPLIST_FILE = ScrollViewTest/Info.plist;
				LD_RUNPATH_SEARCH_PATHS = "$(inherited) @executable_path/Frameworks";
				PRODUCT_NAME = "$(TARGET_NAME)";
			};
			name = Release;
		};
		8BD0E02D1A9E6BD700E65A50 /* Debug */ = {
			isa = XCBuildConfiguration;
			buildSettings = {
				BUNDLE_LOADER = "$(TEST_HOST)";
				FRAMEWORK_SEARCH_PATHS = (
					"$(SDKROOT)/Developer/Library/Frameworks",
					"$(inherited)",
				);
				GCC_PREPROCESSOR_DEFINITIONS = (
					"DEBUG=1",
					"$(inherited)",
				);
				INFOPLIST_FILE = ScrollViewTestTests/Info.plist;
				LD_RUNPATH_SEARCH_PATHS = "$(inherited) @executable_path/Frameworks @loader_path/Frameworks";
				PRODUCT_NAME = "$(TARGET_NAME)";
				TEST_HOST = "$(BUILT_PRODUCTS_DIR)/ScrollViewTest.app/ScrollViewTest";
			};
			name = Debug;
		};
		8BD0E02E1A9E6BD700E65A50 /* Release */ = {
			isa = XCBuildConfiguration;
			buildSettings = {
				BUNDLE_LOADER = "$(TEST_HOST)";
				FRAMEWORK_SEARCH_PATHS = (
					"$(SDKROOT)/Developer/Library/Frameworks",
					"$(inherited)",
				);
				INFOPLIST_FILE = ScrollViewTestTests/Info.plist;
				LD_RUNPATH_SEARCH_PATHS = "$(inherited) @executable_path/Frameworks @loader_path/Frameworks";
				PRODUCT_NAME = "$(TARGET_NAME)";
				TEST_HOST = "$(BUILT_PRODUCTS_DIR)/ScrollViewTest.app/ScrollViewTest";
			};
			name = Release;
		};
/* End XCBuildConfiguration section */

/* Begin XCConfigurationList section */
		8BD0E0011A9E6BD600E65A50 /* Build configuration list for PBXProject "ScrollViewTest" */ = {
			isa = XCConfigurationList;
			buildConfigurations = (
				8BD0E0271A9E6BD700E65A50 /* Debug */,
				8BD0E0281A9E6BD700E65A50 /* Release */,
			);
			defaultConfigurationIsVisible = 0;
			defaultConfigurationName = Release;
		};
		8BD0E0291A9E6BD700E65A50 /* Build configuration list for PBXNativeTarget "ScrollViewTest" */ = {
			isa = XCConfigurationList;
			buildConfigurations = (
				8BD0E02A1A9E6BD700E65A50 /* Debug */,
				8BD0E02B1A9E6BD700E65A50 /* Release */,
			);
			defaultConfigurationIsVisible = 0;
		};
		8BD0E02C1A9E6BD700E65A50 /* Build configuration list for PBXNativeTarget "ScrollViewTestTests" */ = {
			isa = XCConfigurationList;
			buildConfigurations = (
				8BD0E02D1A9E6BD700E65A50 /* Debug */,
				8BD0E02E1A9E6BD700E65A50 /* Release */,
			);
			defaultConfigurationIsVisible = 0;
		};
/* End XCConfigurationList section */
	};
	rootObject = 8BD0DFFE1A9E6BD600E65A50 /* Project object */;
}
